
Microsoft Visual Studio Solution File, Format Version 12.00
# Visual Studio 15
VisualStudioVersion = 15.0.27130.2036
MinimumVisualStudioVersion = 10.0.40219.1
Project("{FAE04EC0-301F-11D3-BF4B-00C04F79EFBC}") = "Enginesoft.SyncS3.Service", "Enginesoft.SyncS3.Service\Enginesoft.SyncS3.Service.csproj", "{A646B8F3-D24D-487B-950D-217FE72B23B9}"
EndProject
Project("{2150E333-8FDC-42A3-9474-1A3956D46DE8}") = "Solution Items", "Solution Items", "{B6893C67-E249-4AF2-998D-4D0D4ED1E906}"
	ProjectSection(SolutionItems) = preProject
		build.bat = build.bat
		README.md = README.md
	EndProjectSection
EndProject
Global
	GlobalSection(SolutionConfigurationPlatforms) = preSolution
		Debug|Any CPU = Debug|Any CPU
		Release|Any CPU = Release|Any CPU
	EndGlobalSection
	GlobalSection(ProjectConfigurationPlatforms) = postSolution
		{A646B8F3-D24D-487B-950D-217FE72B23B9}.Debug|Any CPU.ActiveCfg = Debug|Any CPU
		{A646B8F3-D24D-487B-950D-217FE72B23B9}.Debug|Any CPU.Build.0 = Debug|Any CPU
		{A646B8F3-D24D-487B-950D-217FE72B23B9}.Release|Any CPU.ActiveCfg = Release|Any CPU
		{A646B8F3-D24D-487B-950D-217FE72B23B9}.Release|Any CPU.Build.0 = Release|Any CPU
	EndGlobalSection
	GlobalSection(SolutionProperties) = preSolution
		HideSolutionNode = FALSE
	EndGlobalSection
	GlobalSection(ExtensibilityGlobals) = postSolution
		SolutionGuid = {EA185727-0943-41AC-9291-233990FDEF81}
	EndGlobalSection
EndGlobal
